
Microsoft Visual Studio Solution File, Format Version 12.00
# Visual Studio Version 17
VisualStudioVersion = 17.8.34309.116
MinimumVisualStudioVersion = 10.0.40219.1
Project("{FAE04EC0-301F-11D3-BF4B-00C04F79EFBC}") = "MVCDependencyInjectionTypes", "MVCDependencyInjectionTypes.csproj", "{AE8DD608-494C-49B2-8474-A1E9ED910898}"
EndProject
Global
	GlobalSection(SolutionConfigurationPlatforms) = preSolution
		Debug|Any CPU = Debug|Any CPU
		Release|Any CPU = Release|Any CPU
	EndGlobalSection
	GlobalSection(ProjectConfigurationPlatforms) = postSolution
		{AE8DD608-494C-49B2-8474-A1E9ED910898}.Debug|Any CPU.ActiveCfg = Debug|Any CPU
		{AE8DD608-494C-49B2-8474-A1E9ED910898}.Debug|Any CPU.Build.0 = Debug|Any CPU
		{AE8DD608-494C-49B2-8474-A1E9ED910898}.Release|Any CPU.ActiveCfg = Release|Any CPU
		{AE8DD608-494C-49B2-8474-A1E9ED910898}.Release|Any CPU.Build.0 = Release|Any CPU
	EndGlobalSection
	GlobalSection(SolutionProperties) = preSolution
		HideSolutionNode = FALSE
	EndGlobalSection
	GlobalSection(ExtensibilityGlobals) = postSolution
		SolutionGuid = {22BDD7CA-7E0F-4F76-B7F8-61EE92D6D6C0}
	EndGlobalSection
EndGlobal
